
Microsoft Visual Studio Solution File, Format Version 12.00
# Visual Studio Version 16
VisualStudioVersion = 16.0.33328.57
MinimumVisualStudioVersion = 10.0.40219.1
Project("{FAE04EC0-301F-11D3-BF4B-00C04F79EFBC}") = "IEAgain", "IEAgain\IEAgain.csproj", "{D291DD08-8892-4D98-8024-29BF320F62D6}"
EndProject
Global
	GlobalSection(SolutionConfigurationPlatforms) = preSolution
		Debug|Any CPU = Debug|Any CPU
		Release|Any CPU = Release|Any CPU
	EndGlobalSection
	GlobalSection(ProjectConfigurationPlatforms) = postSolution
		{D291DD08-8892-4D98-8024-29BF320F62D6}.Debug|Any CPU.ActiveCfg = Debug|Any CPU
		{D291DD08-8892-4D98-8024-29BF320F62D6}.Debug|Any CPU.Build.0 = Debug|Any CPU
		{D291DD08-8892-4D98-8024-29BF320F62D6}.Release|Any CPU.ActiveCfg = Release|Any CPU
		{D291DD08-8892-4D98-8024-29BF320F62D6}.Release|Any CPU.Build.0 = Release|Any CPU
	EndGlobalSection
	GlobalSection(SolutionProperties) = preSolution
		HideSolutionNode = FALSE
	EndGlobalSection
	GlobalSection(ExtensibilityGlobals) = postSolution
		SolutionGuid = {5BE78BFC-AD3F-404D-827C-BF80ECCD31BC}
	EndGlobalSection
EndGlobal
